
Microsoft Visual Studio Solution File, Format Version 12.00
# Visual Studio Version 16
VisualStudioVersion = 16.0.31005.135
MinimumVisualStudioVersion = 10.0.40219.1
Project("{FAE04EC0-301F-11D3-BF4B-00C04F79EFBC}") = "MasterMind", "MasterMind\MasterMind.csproj", "{58BEB226-A960-4B7C-8D91-342C41EF5B45}"
EndProject
Global
	GlobalSection(SolutionConfigurationPlatforms) = preSolution
		Debug|Any CPU = Debug|Any CPU
		Release|Any CPU = Release|Any CPU
	EndGlobalSection
	GlobalSection(ProjectConfigurationPlatforms) = postSolution
		{58BEB226-A960-4B7C-8D91-342C41EF5B45}.Debug|Any CPU.ActiveCfg = Debug|Any CPU
		{58BEB226-A960-4B7C-8D91-342C41EF5B45}.Debug|Any CPU.Build.0 = Debug|Any CPU
		{58BEB226-A960-4B7C-8D91-342C41EF5B45}.Release|Any CPU.ActiveCfg = Release|Any CPU
		{58BEB226-A960-4B7C-8D91-342C41EF5B45}.Release|Any CPU.Build.0 = Release|Any CPU
	EndGlobalSection
	GlobalSection(SolutionProperties) = preSolution
		HideSolutionNode = FALSE
	EndGlobalSection
	GlobalSection(ExtensibilityGlobals) = postSolution
		SolutionGuid = {290AE94E-841F-4201-972E-F5A7E0C00ED7}
	EndGlobalSection
EndGlobal
